
Microsoft Visual Studio Solution File, Format Version 12.00
# Visual Studio Version 16
VisualStudioVersion = 16.0.32413.511
MinimumVisualStudioVersion = 10.0.40219.1
Project("{FAE04EC0-301F-11D3-BF4B-00C04F79EFBC}") = "Escritura Byte", "Escritura Byte.csproj", "{B6B05D33-E12D-464F-9274-3EB76BD479CF}"
EndProject
Global
	GlobalSection(SolutionConfigurationPlatforms) = preSolution
		Debug|Any CPU = Debug|Any CPU
		Release|Any CPU = Release|Any CPU
	EndGlobalSection
	GlobalSection(ProjectConfigurationPlatforms) = postSolution
		{B6B05D33-E12D-464F-9274-3EB76BD479CF}.Debug|Any CPU.ActiveCfg = Debug|Any CPU
		{B6B05D33-E12D-464F-9274-3EB76BD479CF}.Debug|Any CPU.Build.0 = Debug|Any CPU
		{B6B05D33-E12D-464F-9274-3EB76BD479CF}.Release|Any CPU.ActiveCfg = Release|Any CPU
		{B6B05D33-E12D-464F-9274-3EB76BD479CF}.Release|Any CPU.Build.0 = Release|Any CPU
	EndGlobalSection
	GlobalSection(SolutionProperties) = preSolution
		HideSolutionNode = FALSE
	EndGlobalSection
	GlobalSection(ExtensibilityGlobals) = postSolution
		SolutionGuid = {435E742B-6267-41C9-AB48-E757DCF13747}
	EndGlobalSection
EndGlobal
